
Microsoft Visual Studio Solution File, Format Version 12.00
# Visual Studio Version 17
VisualStudioVersion = 17.7.34031.279
MinimumVisualStudioVersion = 10.0.40219.1
Project("{FAE04EC0-301F-11D3-BF4B-00C04F79EFBC}") = "5. Checking the temperature", "5. Checking the temperature\5. Checking the temperature.csproj", "{F868A40C-3C49-46E9-98CF-84724713DE98}"
EndProject
Global
	GlobalSection(SolutionConfigurationPlatforms) = preSolution
		Debug|Any CPU = Debug|Any CPU
		Release|Any CPU = Release|Any CPU
	EndGlobalSection
	GlobalSection(ProjectConfigurationPlatforms) = postSolution
		{F868A40C-3C49-46E9-98CF-84724713DE98}.Debug|Any CPU.ActiveCfg = Debug|Any CPU
		{F868A40C-3C49-46E9-98CF-84724713DE98}.Debug|Any CPU.Build.0 = Debug|Any CPU
		{F868A40C-3C49-46E9-98CF-84724713DE98}.Release|Any CPU.ActiveCfg = Release|Any CPU
		{F868A40C-3C49-46E9-98CF-84724713DE98}.Release|Any CPU.Build.0 = Release|Any CPU
	EndGlobalSection
	GlobalSection(SolutionProperties) = preSolution
		HideSolutionNode = FALSE
	EndGlobalSection
	GlobalSection(ExtensibilityGlobals) = postSolution
		SolutionGuid = {332572FA-6D8F-4F53-88DB-297FE0B4A4FA}
	EndGlobalSection
EndGlobal
